
Microsoft Visual Studio Solution File, Format Version 12.00
# Visual Studio Version 17
VisualStudioVersion = 17.0.31903.59
MinimumVisualStudioVersion = 10.0.40219.1
Project("{FAE04EC0-301F-11D3-BF4B-00C04F79EFBC}") = "PaymentContext.Domain", "PaymentContext.Domain\PaymentContext.Domain.csproj", "{691E37CE-15AA-4BC5-8F51-73EFCFD0D13B}"
EndProject
Project("{FAE04EC0-301F-11D3-BF4B-00C04F79EFBC}") = "PaymentContext.Shared", "PaymentContext.Shared\PaymentContext.Shared.csproj", "{C4143766-0EFE-40B5-84F5-AF8C769F65AB}"
EndProject
Project("{FAE04EC0-301F-11D3-BF4B-00C04F79EFBC}") = "PaymentContext.Test", "PaymentContext.Test\PaymentContext.Test.csproj", "{23B23207-6EB8-4FAF-B746-612D6B6ACBD8}"
EndProject
Global
	GlobalSection(SolutionConfigurationPlatforms) = preSolution
		Debug|Any CPU = Debug|Any CPU
		Release|Any CPU = Release|Any CPU
	EndGlobalSection
	GlobalSection(SolutionProperties) = preSolution
		HideSolutionNode = FALSE
	EndGlobalSection
	GlobalSection(ProjectConfigurationPlatforms) = postSolution
		{691E37CE-15AA-4BC5-8F51-73EFCFD0D13B}.Debug|Any CPU.ActiveCfg = Debug|Any CPU
		{691E37CE-15AA-4BC5-8F51-73EFCFD0D13B}.Debug|Any CPU.Build.0 = Debug|Any CPU
		{691E37CE-15AA-4BC5-8F51-73EFCFD0D13B}.Release|Any CPU.ActiveCfg = Release|Any CPU
		{691E37CE-15AA-4BC5-8F51-73EFCFD0D13B}.Release|Any CPU.Build.0 = Release|Any CPU
		{C4143766-0EFE-40B5-84F5-AF8C769F65AB}.Debug|Any CPU.ActiveCfg = Debug|Any CPU
		{C4143766-0EFE-40B5-84F5-AF8C769F65AB}.Debug|Any CPU.Build.0 = Debug|Any CPU
		{C4143766-0EFE-40B5-84F5-AF8C769F65AB}.Release|Any CPU.ActiveCfg = Release|Any CPU
		{C4143766-0EFE-40B5-84F5-AF8C769F65AB}.Release|Any CPU.Build.0 = Release|Any CPU
		{23B23207-6EB8-4FAF-B746-612D6B6ACBD8}.Debug|Any CPU.ActiveCfg = Debug|Any CPU
		{23B23207-6EB8-4FAF-B746-612D6B6ACBD8}.Debug|Any CPU.Build.0 = Debug|Any CPU
		{23B23207-6EB8-4FAF-B746-612D6B6ACBD8}.Release|Any CPU.ActiveCfg = Release|Any CPU
		{23B23207-6EB8-4FAF-B746-612D6B6ACBD8}.Release|Any CPU.Build.0 = Release|Any CPU
	EndGlobalSection
EndGlobal
